
Microsoft Visual Studio Solution File, Format Version 12.00
# Visual Studio 14
VisualStudioVersion = 14.0.23107.0
MinimumVisualStudioVersion = 10.0.40219.1
Project("{FAE04EC0-301F-11D3-BF4B-00C04F79EFBC}") = "WRL.Model", "WRL.Model\WRL.Model.csproj", "{1A320CE6-1DA0-4393-A5E3-B22BF2F22705}"
EndProject
Project("{FAE04EC0-301F-11D3-BF4B-00C04F79EFBC}") = "WRL.DataLayer", "WRL.DataLayer\WRL.DataLayer.csproj", "{41A54EF2-C668-4985-8B31-EF33A673F611}"
EndProject
Project("{FAE04EC0-301F-11D3-BF4B-00C04F79EFBC}") = "WRL.Web", "WRL.Web\WRL.Web.csproj", "{2CD71A37-C160-4585-8808-F3A4CCAA2B65}"
EndProject
Project("{FAE04EC0-301F-11D3-BF4B-00C04F79EFBC}") = "WRL.Services", "WRL.Services\WRL.Services.csproj", "{30781B4B-042C-4274-8EAF-BF256158CFCE}"
EndProject
Project("{FAE04EC0-301F-11D3-BF4B-00C04F79EFBC}") = "WRL.Services.Tests", "WRL.Services.Tests\WRL.Services.Tests.csproj", "{9B258210-9C1D-4CC1-9A97-25392FFA0456}"
EndProject
Global
	GlobalSection(SolutionConfigurationPlatforms) = preSolution
		Debug|Any CPU = Debug|Any CPU
		Release|Any CPU = Release|Any CPU
	EndGlobalSection
	GlobalSection(ProjectConfigurationPlatforms) = postSolution
		{1A320CE6-1DA0-4393-A5E3-B22BF2F22705}.Debug|Any CPU.ActiveCfg = Debug|Any CPU
		{1A320CE6-1DA0-4393-A5E3-B22BF2F22705}.Debug|Any CPU.Build.0 = Debug|Any CPU
		{1A320CE6-1DA0-4393-A5E3-B22BF2F22705}.Release|Any CPU.ActiveCfg = Release|Any CPU
		{1A320CE6-1DA0-4393-A5E3-B22BF2F22705}.Release|Any CPU.Build.0 = Release|Any CPU
		{41A54EF2-C668-4985-8B31-EF33A673F611}.Debug|Any CPU.ActiveCfg = Debug|Any CPU
		{41A54EF2-C668-4985-8B31-EF33A673F611}.Debug|Any CPU.Build.0 = Debug|Any CPU
		{41A54EF2-C668-4985-8B31-EF33A673F611}.Release|Any CPU.ActiveCfg = Release|Any CPU
		{41A54EF2-C668-4985-8B31-EF33A673F611}.Release|Any CPU.Build.0 = Release|Any CPU
		{2CD71A37-C160-4585-8808-F3A4CCAA2B65}.Debug|Any CPU.ActiveCfg = Debug|Any CPU
		{2CD71A37-C160-4585-8808-F3A4CCAA2B65}.Debug|Any CPU.Build.0 = Debug|Any CPU
		{2CD71A37-C160-4585-8808-F3A4CCAA2B65}.Release|Any CPU.ActiveCfg = Release|Any CPU
		{2CD71A37-C160-4585-8808-F3A4CCAA2B65}.Release|Any CPU.Build.0 = Release|Any CPU
		{30781B4B-042C-4274-8EAF-BF256158CFCE}.Debug|Any CPU.ActiveCfg = Debug|Any CPU
		{30781B4B-042C-4274-8EAF-BF256158CFCE}.Debug|Any CPU.Build.0 = Debug|Any CPU
		{30781B4B-042C-4274-8EAF-BF256158CFCE}.Release|Any CPU.ActiveCfg = Release|Any CPU
		{30781B4B-042C-4274-8EAF-BF256158CFCE}.Release|Any CPU.Build.0 = Release|Any CPU
		{9B258210-9C1D-4CC1-9A97-25392FFA0456}.Debug|Any CPU.ActiveCfg = Debug|Any CPU
		{9B258210-9C1D-4CC1-9A97-25392FFA0456}.Debug|Any CPU.Build.0 = Debug|Any CPU
		{9B258210-9C1D-4CC1-9A97-25392FFA0456}.Release|Any CPU.ActiveCfg = Release|Any CPU
		{9B258210-9C1D-4CC1-9A97-25392FFA0456}.Release|Any CPU.Build.0 = Release|Any CPU
	EndGlobalSection
	GlobalSection(SolutionProperties) = preSolution
		HideSolutionNode = FALSE
	EndGlobalSection
EndGlobal
