
Microsoft Visual Studio Solution File, Format Version 12.00
# Visual Studio 14
VisualStudioVersion = 14.0.23107.0
MinimumVisualStudioVersion = 10.0.40219.1
Project("{FAE04EC0-301F-11D3-BF4B-00C04F79EFBC}") = "WRL.WebAPI", "WRL.WebAPI\WRL.WebAPI.csproj", "{485AF71F-E870-430F-A4F7-7E0AE28C2BA0}"
EndProject
Project("{FAE04EC0-301F-11D3-BF4B-00C04F79EFBC}") = "WRL.WebAPI.Tests", "WRL.WebAPI.Tests\WRL.WebAPI.Tests.csproj", "{46B54337-1107-4C3B-8AC8-75429B2D5173}"
EndProject
Project("{E24C65DC-7377-472B-9ABA-BC803B73C61A}") = "WRL.Site(1)", "WRL.Site\", "{4CAA6E11-66A0-4195-9B80-680EB3A4A3E8}"
	ProjectSection(WebsiteProperties) = preProject
		TargetFrameworkMoniker = ".NETFramework,Version%3Dv4.5.2"
		Debug.AspNetCompiler.VirtualPath = "/localhost_2371"
		Debug.AspNetCompiler.PhysicalPath = "WRL.Site\"
		Debug.AspNetCompiler.TargetPath = "PrecompiledWeb\localhost_2371\"
		Debug.AspNetCompiler.Updateable = "true"
		Debug.AspNetCompiler.ForceOverwrite = "true"
		Debug.AspNetCompiler.FixedNames = "false"
		Debug.AspNetCompiler.Debug = "True"
		Release.AspNetCompiler.VirtualPath = "/localhost_2371"
		Release.AspNetCompiler.PhysicalPath = "WRL.Site\"
		Release.AspNetCompiler.TargetPath = "PrecompiledWeb\localhost_2371\"
		Release.AspNetCompiler.Updateable = "true"
		Release.AspNetCompiler.ForceOverwrite = "true"
		Release.AspNetCompiler.FixedNames = "false"
		Release.AspNetCompiler.Debug = "False"
		VWDPort = "2371"
		SlnRelativePath = "WRL.Site\"
		DefaultWebSiteLanguage = "Visual C#"
	EndProjectSection
EndProject
Global
	GlobalSection(SolutionConfigurationPlatforms) = preSolution
		Debug|Any CPU = Debug|Any CPU
		Release|Any CPU = Release|Any CPU
	EndGlobalSection
	GlobalSection(ProjectConfigurationPlatforms) = postSolution
		{485AF71F-E870-430F-A4F7-7E0AE28C2BA0}.Debug|Any CPU.ActiveCfg = Debug|Any CPU
		{485AF71F-E870-430F-A4F7-7E0AE28C2BA0}.Debug|Any CPU.Build.0 = Debug|Any CPU
		{485AF71F-E870-430F-A4F7-7E0AE28C2BA0}.Release|Any CPU.ActiveCfg = Release|Any CPU
		{485AF71F-E870-430F-A4F7-7E0AE28C2BA0}.Release|Any CPU.Build.0 = Release|Any CPU
		{46B54337-1107-4C3B-8AC8-75429B2D5173}.Debug|Any CPU.ActiveCfg = Debug|Any CPU
		{46B54337-1107-4C3B-8AC8-75429B2D5173}.Debug|Any CPU.Build.0 = Debug|Any CPU
		{46B54337-1107-4C3B-8AC8-75429B2D5173}.Release|Any CPU.ActiveCfg = Release|Any CPU
		{46B54337-1107-4C3B-8AC8-75429B2D5173}.Release|Any CPU.Build.0 = Release|Any CPU
		{4CAA6E11-66A0-4195-9B80-680EB3A4A3E8}.Debug|Any CPU.ActiveCfg = Debug|Any CPU
		{4CAA6E11-66A0-4195-9B80-680EB3A4A3E8}.Debug|Any CPU.Build.0 = Debug|Any CPU
		{4CAA6E11-66A0-4195-9B80-680EB3A4A3E8}.Release|Any CPU.ActiveCfg = Debug|Any CPU
		{4CAA6E11-66A0-4195-9B80-680EB3A4A3E8}.Release|Any CPU.Build.0 = Debug|Any CPU
	EndGlobalSection
	GlobalSection(SolutionProperties) = preSolution
		HideSolutionNode = FALSE
	EndGlobalSection
EndGlobal
